// !$*UTF8*$!
{
	archiveVersion = 1;
	classes = {
	};
	objectVersion = 55;
	objects = {

/* Begin PBXBuildFile section */
		354DE29B272196EC007FDC94 /* UIView+Extensions.swift in Sources */ = {isa = PBXBuildFile; fileRef = 354DE29A272196EC007FDC94 /* UIView+Extensions.swift */; };
		354DE29E27219718007FDC94 /* ANView.swift in Sources */ = {isa = PBXBuildFile; fileRef = 354DE29D27219718007FDC94 /* ANView.swift */; };
		35760F8327205746004FEC9B /* HomeViewController.swift in Sources */ = {isa = PBXBuildFile; fileRef = 35760F8127205746004FEC9B /* HomeViewController.swift */; };
		35760F8427205746004FEC9B /* HomeViewController.xib in Resources */ = {isa = PBXBuildFile; fileRef = 35760F8227205746004FEC9B /* HomeViewController.xib */; };
		35760F8A27205F9B004FEC9B /* DrawToolsView.xib in Resources */ = {isa = PBXBuildFile; fileRef = 35760F8927205F9B004FEC9B /* DrawToolsView.xib */; };
		358BFFF12729870300AFE0DD /* DrawViewController.xib in Resources */ = {isa = PBXBuildFile; fileRef = D63E3A91272067F300B4E795 /* DrawViewController.xib */; };
		358BFFF22729884400AFE0DD /* DrawViewController.swift in Sources */ = {isa = PBXBuildFile; fileRef = 358D2D5027230120008233EF /* DrawViewController.swift */; };
		358D2D4E27230105008233EF /* CanvasView.swift in Sources */ = {isa = PBXBuildFile; fileRef = 358D2D4C27230105008233EF /* CanvasView.swift */; };
		358D2D4F27230105008233EF /* CanvasView.xib in Resources */ = {isa = PBXBuildFile; fileRef = 358D2D4D27230105008233EF /* CanvasView.xib */; };
		358D2D5327230120008233EF /* DrawViewController.xib in Resources */ = {isa = PBXBuildFile; fileRef = 358D2D5127230120008233EF /* DrawViewController.xib */; };
		35F7799C27206D0300606DA7 /* DrawToolsView.swift in Sources */ = {isa = PBXBuildFile; fileRef = 35F7799B27206D0300606DA7 /* DrawToolsView.swift */; };
		7930365427298B0700D1E1A8 /* Draw in Resources */ = {isa = PBXBuildFile; fileRef = 7930365327298B0700D1E1A8 /* Draw */; };
		798AE175272835E9006CB063 /* FinishedViewController.swift in Sources */ = {isa = PBXBuildFile; fileRef = 798AE173272835E9006CB063 /* FinishedViewController.swift */; };
		798AE176272835E9006CB063 /* FinishedViewController.xib in Resources */ = {isa = PBXBuildFile; fileRef = 798AE174272835E9006CB063 /* FinishedViewController.xib */; };
		798AE179272836C7006CB063 /* Tuffy.ttf in Resources */ = {isa = PBXBuildFile; fileRef = 798AE177272836C7006CB063 /* Tuffy.ttf */; };
		798AE17A272836C7006CB063 /* Tuffy_Bold.ttf in Resources */ = {isa = PBXBuildFile; fileRef = 798AE178272836C7006CB063 /* Tuffy_Bold.ttf */; };
		79B71D872722F8C400E209CD /* EndViewController.swift in Sources */ = {isa = PBXBuildFile; fileRef = 79B71D852722F8C400E209CD /* EndViewController.swift */; };
		79B71D882722F8C400E209CD /* EndViewController.xib in Resources */ = {isa = PBXBuildFile; fileRef = 79B71D862722F8C400E209CD /* EndViewController.xib */; };
		79B71D8B2723107900E209CD /* ShadowsIntoLight-Regular.ttf in Resources */ = {isa = PBXBuildFile; fileRef = 79B71D8A2723104600E209CD /* ShadowsIntoLight-Regular.ttf */; };
		79BB1FC9272043620099015C /* AppDelegate.swift in Sources */ = {isa = PBXBuildFile; fileRef = 79BB1FC8272043620099015C /* AppDelegate.swift */; };
		79BB1FCB272043620099015C /* SceneDelegate.swift in Sources */ = {isa = PBXBuildFile; fileRef = 79BB1FCA272043620099015C /* SceneDelegate.swift */; };
		79BB1FCD272043620099015C /* ViewController.swift in Sources */ = {isa = PBXBuildFile; fileRef = 79BB1FCC272043620099015C /* ViewController.swift */; };
		79BB1FD2272043640099015C /* Assets.xcassets in Resources */ = {isa = PBXBuildFile; fileRef = 79BB1FD1272043640099015C /* Assets.xcassets */; };
		79BB1FD5272043640099015C /* LaunchScreen.storyboard in Resources */ = {isa = PBXBuildFile; fileRef = 79BB1FD3272043640099015C /* LaunchScreen.storyboard */; };
		D69E54D32726F57000CA7B6B /* DrawTimerBarView.swift in Sources */ = {isa = PBXBuildFile; fileRef = D69E54D22726F57000CA7B6B /* DrawTimerBarView.swift */; };
		D69E54D52726F57D00CA7B6B /* DrawTimerBarView.xib in Resources */ = {isa = PBXBuildFile; fileRef = D69E54D42726F57D00CA7B6B /* DrawTimerBarView.xib */; };
/* End PBXBuildFile section */

/* Begin PBXFileReference section */
		354DE29A272196EC007FDC94 /* UIView+Extensions.swift */ = {isa = PBXFileReference; lastKnownFileType = sourcecode.swift; path = "UIView+Extensions.swift"; sourceTree = "<group>"; };
		354DE29D27219718007FDC94 /* ANView.swift */ = {isa = PBXFileReference; lastKnownFileType = sourcecode.swift; path = ANView.swift; sourceTree = "<group>"; };
		35760F8127205746004FEC9B /* HomeViewController.swift */ = {isa = PBXFileReference; lastKnownFileType = sourcecode.swift; path = HomeViewController.swift; sourceTree = "<group>"; };
		35760F8227205746004FEC9B /* HomeViewController.xib */ = {isa = PBXFileReference; lastKnownFileType = file.xib; path = HomeViewController.xib; sourceTree = "<group>"; };
		35760F8927205F9B004FEC9B /* DrawToolsView.xib */ = {isa = PBXFileReference; lastKnownFileType = file.xib; name = DrawToolsView.xib; path = drawAI/Scenes/Draw/Components/DrawTools/DrawToolsView.xib; sourceTree = "<group>"; };
		358D2D4C27230105008233EF /* CanvasView.swift */ = {isa = PBXFileReference; fileEncoding = 4; lastKnownFileType = sourcecode.swift; name = CanvasView.swift; path = drawAI/Scenes/Draw/Components/DrawCanvas/CanvasView.swift; sourceTree = "<group>"; };
		358D2D4D27230105008233EF /* CanvasView.xib */ = {isa = PBXFileReference; fileEncoding = 4; lastKnownFileType = file.xib; name = CanvasView.xib; path = drawAI/Scenes/Draw/Components/DrawCanvas/CanvasView.xib; sourceTree = "<group>"; };
		358D2D5027230120008233EF /* DrawViewController.swift */ = {isa = PBXFileReference; fileEncoding = 4; lastKnownFileType = sourcecode.swift; name = DrawViewController.swift; path = drawAI/Scenes/Draw/DrawViewController.swift; sourceTree = "<group>"; };
		358D2D5127230120008233EF /* DrawViewController.xib */ = {isa = PBXFileReference; fileEncoding = 4; lastKnownFileType = file.xib; name = DrawViewController.xib; path = drawAI/Scenes/Draw/DrawViewController.xib; sourceTree = "<group>"; };
		35F7799B27206D0300606DA7 /* DrawToolsView.swift */ = {isa = PBXFileReference; lastKnownFileType = sourcecode.swift; name = DrawToolsView.swift; path = drawAI/Scenes/Draw/Components/DrawTools/DrawToolsView.swift; sourceTree = "<group>"; };
		7930365327298B0700D1E1A8 /* Draw */ = {isa = PBXFileReference; lastKnownFileType = folder; path = Draw; sourceTree = "<group>"; };
		798AE173272835E9006CB063 /* FinishedViewController.swift */ = {isa = PBXFileReference; lastKnownFileType = sourcecode.swift; name = FinishedViewController.swift; path = drawAI/Scenes/Draw/FinishedViewController.swift; sourceTree = "<group>"; };
		798AE174272835E9006CB063 /* FinishedViewController.xib */ = {isa = PBXFileReference; lastKnownFileType = file.xib; name = FinishedViewController.xib; path = drawAI/Scenes/Draw/FinishedViewController.xib; sourceTree = "<group>"; };
		798AE177272836C7006CB063 /* Tuffy.ttf */ = {isa = PBXFileReference; lastKnownFileType = file; path = Tuffy.ttf; sourceTree = "<group>"; };
		798AE178272836C7006CB063 /* Tuffy_Bold.ttf */ = {isa = PBXFileReference; lastKnownFileType = file; path = Tuffy_Bold.ttf; sourceTree = "<group>"; };
		79B71D852722F8C400E209CD /* EndViewController.swift */ = {isa = PBXFileReference; lastKnownFileType = sourcecode.swift; path = EndViewController.swift; sourceTree = "<group>"; };
		79B71D862722F8C400E209CD /* EndViewController.xib */ = {isa = PBXFileReference; lastKnownFileType = file.xib; path = EndViewController.xib; sourceTree = "<group>"; };
		79B71D8A2723104600E209CD /* ShadowsIntoLight-Regular.ttf */ = {isa = PBXFileReference; lastKnownFileType = file; path = "ShadowsIntoLight-Regular.ttf"; sourceTree = "<group>"; };
		79BB1FC5272043620099015C /* drawAI.app */ = {isa = PBXFileReference; explicitFileType = wrapper.application; includeInIndex = 0; path = drawAI.app; sourceTree = BUILT_PRODUCTS_DIR; };
		79BB1FC8272043620099015C /* AppDelegate.swift */ = {isa = PBXFileReference; lastKnownFileType = sourcecode.swift; path = AppDelegate.swift; sourceTree = "<group>"; };
		79BB1FCA272043620099015C /* SceneDelegate.swift */ = {isa = PBXFileReference; lastKnownFileType = sourcecode.swift; path = SceneDelegate.swift; sourceTree = "<group>"; };
		79BB1FCC272043620099015C /* ViewController.swift */ = {isa = PBXFileReference; lastKnownFileType = sourcecode.swift; path = ViewController.swift; sourceTree = "<group>"; };
		79BB1FD1272043640099015C /* Assets.xcassets */ = {isa = PBXFileReference; lastKnownFileType = folder.assetcatalog; path = Assets.xcassets; sourceTree = "<group>"; };
		79BB1FD4272043640099015C /* Base */ = {isa = PBXFileReference; lastKnownFileType = file.storyboard; name = Base; path = Base.lproj/LaunchScreen.storyboard; sourceTree = "<group>"; };
		79BB1FD6272043640099015C /* Info.plist */ = {isa = PBXFileReference; lastKnownFileType = text.plist.xml; path = Info.plist; sourceTree = "<group>"; };
		D63E3A91272067F300B4E795 /* DrawViewController.xib */ = {isa = PBXFileReference; lastKnownFileType = file.xib; name = DrawViewController.xib; path = drawAI/Scenes/Draw/DrawViewController.xib; sourceTree = "<group>"; };
		D69E54D22726F57000CA7B6B /* DrawTimerBarView.swift */ = {isa = PBXFileReference; lastKnownFileType = sourcecode.swift; name = DrawTimerBarView.swift; path = drawAI/Scenes/Draw/Components/DrawTimerBar/DrawTimerBarView.swift; sourceTree = "<group>"; };
		D69E54D42726F57D00CA7B6B /* DrawTimerBarView.xib */ = {isa = PBXFileReference; lastKnownFileType = file.xib; name = DrawTimerBarView.xib; path = drawAI/Scenes/Draw/Components/DrawTimerBar/DrawTimerBarView.xib; sourceTree = "<group>"; };
/* End PBXFileReference section */

/* Begin PBXFrameworksBuildPhase section */
		79BB1FC2272043620099015C /* Frameworks */ = {
			isa = PBXFrameworksBuildPhase;
			buildActionMask = 2147483647;
			files = (
			);
			runOnlyForDeploymentPostprocessing = 0;
		};
/* End PBXFrameworksBuildPhase section */

/* Begin PBXGroup section */
		354DE299272196CF007FDC94 /* Extensions */ = {
			isa = PBXGroup;
			children = (
				354DE29A272196EC007FDC94 /* UIView+Extensions.swift */,
			);
			path = Extensions;
			sourceTree = "<group>";
		};
		354DE29C2721970A007FDC94 /* Core */ = {
			isa = PBXGroup;
			children = (
				79B71D8927230D7900E209CD /* Fonts */,
				354DE29D27219718007FDC94 /* ANView.swift */,
			);
			path = Core;
			sourceTree = "<group>";
		};
		35760F7F27205720004FEC9B /* Scenes */ = {
			isa = PBXGroup;
			children = (
				7930365327298B0700D1E1A8 /* Draw */,
				79B71D842722F85400E209CD /* EndScene */,
				35760F8027205728004FEC9B /* HomeViewController */,
			);
			path = Scenes;
			sourceTree = "<group>";
		};
		35760F8027205728004FEC9B /* HomeViewController */ = {
			isa = PBXGroup;
			children = (
				35760F8127205746004FEC9B /* HomeViewController.swift */,
				35760F8227205746004FEC9B /* HomeViewController.xib */,
			);
			path = HomeViewController;
			sourceTree = "<group>";
		};
		35D57D622721BA5100D50DD2 /* Recovered References */ = {
			isa = PBXGroup;
			children = (
				D63E3A91272067F300B4E795 /* DrawViewController.xib */,
				358D2D5027230120008233EF /* DrawViewController.swift */,
				358D2D4C27230105008233EF /* CanvasView.swift */,
				35F7799B27206D0300606DA7 /* DrawToolsView.swift */,
				D69E54D22726F57000CA7B6B /* DrawTimerBarView.swift */,
				798AE173272835E9006CB063 /* FinishedViewController.swift */,
				358D2D5127230120008233EF /* DrawViewController.xib */,
				35760F8927205F9B004FEC9B /* DrawToolsView.xib */,
				D69E54D42726F57D00CA7B6B /* DrawTimerBarView.xib */,
				798AE174272835E9006CB063 /* FinishedViewController.xib */,
				358D2D4D27230105008233EF /* CanvasView.xib */,
			);
			name = "Recovered References";
			sourceTree = "<group>";
		};
		79B71D842722F85400E209CD /* EndScene */ = {
			isa = PBXGroup;
			children = (
				79B71D852722F8C400E209CD /* EndViewController.swift */,
				79B71D862722F8C400E209CD /* EndViewController.xib */,
			);
			path = EndScene;
			sourceTree = "<group>";
		};
		79B71D8927230D7900E209CD /* Fonts */ = {
			isa = PBXGroup;
			children = (
				798AE178272836C7006CB063 /* Tuffy_Bold.ttf */,
				798AE177272836C7006CB063 /* Tuffy.ttf */,
				79B71D8A2723104600E209CD /* ShadowsIntoLight-Regular.ttf */,
			);
			path = Fonts;
			sourceTree = "<group>";
		};
		79BB1FBC272043620099015C = {
			isa = PBXGroup;
			children = (
				79BB1FC7272043620099015C /* drawAI */,
				79BB1FC6272043620099015C /* Products */,
				35D57D622721BA5100D50DD2 /* Recovered References */,
			);
			sourceTree = "<group>";
		};
		79BB1FC6272043620099015C /* Products */ = {
			isa = PBXGroup;
			children = (
				79BB1FC5272043620099015C /* drawAI.app */,
			);
			name = Products;
			sourceTree = "<group>";
		};
		79BB1FC7272043620099015C /* drawAI */ = {
			isa = PBXGroup;
			children = (
				354DE29C2721970A007FDC94 /* Core */,
				354DE299272196CF007FDC94 /* Extensions */,
				35760F7F27205720004FEC9B /* Scenes */,
				79BB1FC8272043620099015C /* AppDelegate.swift */,
				79BB1FCA272043620099015C /* SceneDelegate.swift */,
				79BB1FCC272043620099015C /* ViewController.swift */,
				79BB1FD1272043640099015C /* Assets.xcassets */,
				79BB1FD3272043640099015C /* LaunchScreen.storyboard */,
				79BB1FD6272043640099015C /* Info.plist */,
			);
			path = drawAI;
			sourceTree = "<group>";
		};
/* End PBXGroup section */

/* Begin PBXNativeTarget section */
		79BB1FC4272043620099015C /* drawAI */ = {
			isa = PBXNativeTarget;
			buildConfigurationList = 79BB1FD9272043640099015C /* Build configuration list for PBXNativeTarget "drawAI" */;
			buildPhases = (
				79BB1FC1272043620099015C /* Sources */,
				79BB1FC2272043620099015C /* Frameworks */,
				79BB1FC3272043620099015C /* Resources */,
			);
			buildRules = (
			);
			dependencies = (
			);
			name = drawAI;
			productName = drawAI;
			productReference = 79BB1FC5272043620099015C /* drawAI.app */;
			productType = "com.apple.product-type.application";
		};
/* End PBXNativeTarget section */

/* Begin PBXProject section */
		79BB1FBD272043620099015C /* Project object */ = {
			isa = PBXProject;
			attributes = {
				BuildIndependentTargetsInParallel = 1;
				LastSwiftUpdateCheck = 1300;
				LastUpgradeCheck = 1300;
				TargetAttributes = {
					79BB1FC4272043620099015C = {
						CreatedOnToolsVersion = 13.0;
					};
				};
			};
			buildConfigurationList = 79BB1FC0272043620099015C /* Build configuration list for PBXProject "drawAI" */;
			compatibilityVersion = "Xcode 13.0";
			developmentRegion = en;
			hasScannedForEncodings = 0;
			knownRegions = (
				en,
				Base,
			);
			mainGroup = 79BB1FBC272043620099015C;
			productRefGroup = 79BB1FC6272043620099015C /* Products */;
			projectDirPath = "";
			projectRoot = "";
			targets = (
				79BB1FC4272043620099015C /* drawAI */,
			);
		};
/* End PBXProject section */

/* Begin PBXResourcesBuildPhase section */
		79BB1FC3272043620099015C /* Resources */ = {
			isa = PBXResourcesBuildPhase;
			buildActionMask = 2147483647;
			files = (
				358D2D5327230120008233EF /* DrawViewController.xib in Resources */,
				35760F8A27205F9B004FEC9B /* DrawToolsView.xib in Resources */,
				79B71D882722F8C400E209CD /* EndViewController.xib in Resources */,
				79BB1FD5272043640099015C /* LaunchScreen.storyboard in Resources */,
				D69E54D52726F57D00CA7B6B /* DrawTimerBarView.xib in Resources */,
				798AE17A272836C7006CB063 /* Tuffy_Bold.ttf in Resources */,
				358BFFF12729870300AFE0DD /* DrawViewController.xib in Resources */,
				79BB1FD2272043640099015C /* Assets.xcassets in Resources */,
				798AE176272835E9006CB063 /* FinishedViewController.xib in Resources */,
				35760F8427205746004FEC9B /* HomeViewController.xib in Resources */,
				358D2D4F27230105008233EF /* CanvasView.xib in Resources */,
				798AE179272836C7006CB063 /* Tuffy.ttf in Resources */,
				7930365427298B0700D1E1A8 /* Draw in Resources */,
				79B71D8B2723107900E209CD /* ShadowsIntoLight-Regular.ttf in Resources */,
			);
			runOnlyForDeploymentPostprocessing = 0;
		};
/* End PBXResourcesBuildPhase section */

/* Begin PBXSourcesBuildPhase section */
		79BB1FC1272043620099015C /* Sources */ = {
			isa = PBXSourcesBuildPhase;
			buildActionMask = 2147483647;
			files = (
				358BFFF22729884400AFE0DD /* DrawViewController.swift in Sources */,
				79B71D872722F8C400E209CD /* EndViewController.swift in Sources */,
				79BB1FCD272043620099015C /* ViewController.swift in Sources */,
				358D2D4E27230105008233EF /* CanvasView.swift in Sources */,
				35F7799C27206D0300606DA7 /* DrawToolsView.swift in Sources */,
				D69E54D32726F57000CA7B6B /* DrawTimerBarView.swift in Sources */,
				798AE175272835E9006CB063 /* FinishedViewController.swift in Sources */,
				354DE29E27219718007FDC94 /* ANView.swift in Sources */,
				79BB1FC9272043620099015C /* AppDelegate.swift in Sources */,
				354DE29B272196EC007FDC94 /* UIView+Extensions.swift in Sources */,
				79BB1FCB272043620099015C /* SceneDelegate.swift in Sources */,
				35760F8327205746004FEC9B /* HomeViewController.swift in Sources */,
			);
			runOnlyForDeploymentPostprocessing = 0;
		};
/* End PBXSourcesBuildPhase section */

/* Begin PBXVariantGroup section */
		79BB1FD3272043640099015C /* LaunchScreen.storyboard */ = {
			isa = PBXVariantGroup;
			children = (
				79BB1FD4272043640099015C /* Base */,
			);
			name = LaunchScreen.storyboard;
			sourceTree = "<group>";
		};
/* End PBXVariantGroup section */

/* Begin XCBuildConfiguration section */
		79BB1FD7272043640099015C /* Debug */ = {
			isa = XCBuildConfiguration;
			buildSettings = {
				ALWAYS_SEARCH_USER_PATHS = NO;
				CLANG_ANALYZER_NONNULL = YES;
				CLANG_ANALYZER_NUMBER_OBJECT_CONVERSION = YES_AGGRESSIVE;
				CLANG_CXX_LANGUAGE_STANDARD = "gnu++17";
				CLANG_CXX_LIBRARY = "libc++";
				CLANG_ENABLE_MODULES = YES;
				CLANG_ENABLE_OBJC_ARC = YES;
				CLANG_ENABLE_OBJC_WEAK = YES;
				CLANG_WARN_BLOCK_CAPTURE_AUTORELEASING = YES;
				CLANG_WARN_BOOL_CONVERSION = YES;
				CLANG_WARN_COMMA = YES;
				CLANG_WARN_CONSTANT_CONVERSION = YES;
				CLANG_WARN_DEPRECATED_OBJC_IMPLEMENTATIONS = YES;
				CLANG_WARN_DIRECT_OBJC_ISA_USAGE = YES_ERROR;
				CLANG_WARN_DOCUMENTATION_COMMENTS = YES;
				CLANG_WARN_EMPTY_BODY = YES;
				CLANG_WARN_ENUM_CONVERSION = YES;
				CLANG_WARN_INFINITE_RECURSION = YES;
				CLANG_WARN_INT_CONVERSION = YES;
				CLANG_WARN_NON_LITERAL_NULL_CONVERSION = YES;
				CLANG_WARN_OBJC_IMPLICIT_RETAIN_SELF = YES;
				CLANG_WARN_OBJC_LITERAL_CONVERSION = YES;
				CLANG_WARN_OBJC_ROOT_CLASS = YES_ERROR;
				CLANG_WARN_QUOTED_INCLUDE_IN_FRAMEWORK_HEADER = YES;
				CLANG_WARN_RANGE_LOOP_ANALYSIS = YES;
				CLANG_WARN_STRICT_PROTOTYPES = YES;
				CLANG_WARN_SUSPICIOUS_MOVE = YES;
				CLANG_WARN_UNGUARDED_AVAILABILITY = YES_AGGRESSIVE;
				CLANG_WARN_UNREACHABLE_CODE = YES;
				CLANG_WARN__DUPLICATE_METHOD_MATCH = YES;
				COPY_PHASE_STRIP = NO;
				DEBUG_INFORMATION_FORMAT = dwarf;
				ENABLE_STRICT_OBJC_MSGSEND = YES;
				ENABLE_TESTABILITY = YES;
				GCC_C_LANGUAGE_STANDARD = gnu11;
				GCC_DYNAMIC_NO_PIC = NO;
				GCC_NO_COMMON_BLOCKS = YES;
				GCC_OPTIMIZATION_LEVEL = 0;
				GCC_PREPROCESSOR_DEFINITIONS = (
					"DEBUG=1",
					"$(inherited)",
				);
				GCC_WARN_64_TO_32_BIT_CONVERSION = YES;
				GCC_WARN_ABOUT_RETURN_TYPE = YES_ERROR;
				GCC_WARN_UNDECLARED_SELECTOR = YES;
				GCC_WARN_UNINITIALIZED_AUTOS = YES_AGGRESSIVE;
				GCC_WARN_UNUSED_FUNCTION = YES;
				GCC_WARN_UNUSED_VARIABLE = YES;
				IPHONEOS_DEPLOYMENT_TARGET = 15.0;
				MTL_ENABLE_DEBUG_INFO = INCLUDE_SOURCE;
				MTL_FAST_MATH = YES;
				ONLY_ACTIVE_ARCH = YES;
				SDKROOT = iphoneos;
				SWIFT_ACTIVE_COMPILATION_CONDITIONS = DEBUG;
				SWIFT_OPTIMIZATION_LEVEL = "-Onone";
			};
			name = Debug;
		};
		79BB1FD8272043640099015C /* Release */ = {
			isa = XCBuildConfiguration;
			buildSettings = {
				ALWAYS_SEARCH_USER_PATHS = NO;
				CLANG_ANALYZER_NONNULL = YES;
				CLANG_ANALYZER_NUMBER_OBJECT_CONVERSION = YES_AGGRESSIVE;
				CLANG_CXX_LANGUAGE_STANDARD = "gnu++17";
				CLANG_CXX_LIBRARY = "libc++";
				CLANG_ENABLE_MODULES = YES;
				CLANG_ENABLE_OBJC_ARC = YES;
				CLANG_ENABLE_OBJC_WEAK = YES;
				CLANG_WARN_BLOCK_CAPTURE_AUTORELEASING = YES;
				CLANG_WARN_BOOL_CONVERSION = YES;
				CLANG_WARN_COMMA = YES;
				CLANG_WARN_CONSTANT_CONVERSION = YES;
				CLANG_WARN_DEPRECATED_OBJC_IMPLEMENTATIONS = YES;
				CLANG_WARN_DIRECT_OBJC_ISA_USAGE = YES_ERROR;
				CLANG_WARN_DOCUMENTATION_COMMENTS = YES;
				CLANG_WARN_EMPTY_BODY = YES;
				CLANG_WARN_ENUM_CONVERSION = YES;
				CLANG_WARN_INFINITE_RECURSION = YES;
				CLANG_WARN_INT_CONVERSION = YES;
				CLANG_WARN_NON_LITERAL_NULL_CONVERSION = YES;
				CLANG_WARN_OBJC_IMPLICIT_RETAIN_SELF = YES;
				CLANG_WARN_OBJC_LITERAL_CONVERSION = YES;
				CLANG_WARN_OBJC_ROOT_CLASS = YES_ERROR;
				CLANG_WARN_QUOTED_INCLUDE_IN_FRAMEWORK_HEADER = YES;
				CLANG_WARN_RANGE_LOOP_ANALYSIS = YES;
				CLANG_WARN_STRICT_PROTOTYPES = YES;
				CLANG_WARN_SUSPICIOUS_MOVE = YES;
				CLANG_WARN_UNGUARDED_AVAILABILITY = YES_AGGRESSIVE;
				CLANG_WARN_UNREACHABLE_CODE = YES;
				CLANG_WARN__DUPLICATE_METHOD_MATCH = YES;
				COPY_PHASE_STRIP = NO;
				DEBUG_INFORMATION_FORMAT = "dwarf-with-dsym";
				ENABLE_NS_ASSERTIONS = NO;
				ENABLE_STRICT_OBJC_MSGSEND = YES;
				GCC_C_LANGUAGE_STANDARD = gnu11;
				GCC_NO_COMMON_BLOCKS = YES;
				GCC_WARN_64_TO_32_BIT_CONVERSION = YES;
				GCC_WARN_ABOUT_RETURN_TYPE = YES_ERROR;
				GCC_WARN_UNDECLARED_SELECTOR = YES;
				GCC_WARN_UNINITIALIZED_AUTOS = YES_AGGRESSIVE;
				GCC_WARN_UNUSED_FUNCTION = YES;
				GCC_WARN_UNUSED_VARIABLE = YES;
				IPHONEOS_DEPLOYMENT_TARGET = 15.0;
				MTL_ENABLE_DEBUG_INFO = NO;
				MTL_FAST_MATH = YES;
				SDKROOT = iphoneos;
				SWIFT_COMPILATION_MODE = wholemodule;
				SWIFT_OPTIMIZATION_LEVEL = "-O";
				VALIDATE_PRODUCT = YES;
			};
			name = Release;
		};
		79BB1FDA272043640099015C /* Debug */ = {
			isa = XCBuildConfiguration;
			buildSettings = {
				ASSETCATALOG_COMPILER_APPICON_NAME = AppIcon;
				ASSETCATALOG_COMPILER_GLOBAL_ACCENT_COLOR_NAME = AccentColor;
				CODE_SIGN_STYLE = Automatic;
				CURRENT_PROJECT_VERSION = 1;
				DEVELOPMENT_TEAM = R5H255ZF9U;
				GENERATE_INFOPLIST_FILE = YES;
				INFOPLIST_FILE = drawAI/Info.plist;
				INFOPLIST_KEY_UIApplicationSupportsIndirectInputEvents = YES;
				INFOPLIST_KEY_UILaunchStoryboardName = LaunchScreen;
				INFOPLIST_KEY_UISupportedInterfaceOrientations_iPad = "UIInterfaceOrientationPortrait UIInterfaceOrientationPortraitUpsideDown UIInterfaceOrientationLandscapeLeft UIInterfaceOrientationLandscapeRight";
				INFOPLIST_KEY_UISupportedInterfaceOrientations_iPhone = "UIInterfaceOrientationPortrait UIInterfaceOrientationLandscapeLeft UIInterfaceOrientationLandscapeRight";
				LD_RUNPATH_SEARCH_PATHS = (
					"$(inherited)",
					"@executable_path/Frameworks",
				);
				MARKETING_VERSION = 1.0;
				PRODUCT_BUNDLE_IDENTIFIER = com.animeiml.drawAI;
				PRODUCT_NAME = "$(TARGET_NAME)";
				SWIFT_EMIT_LOC_STRINGS = YES;
				SWIFT_VERSION = 5.0;
				TARGETED_DEVICE_FAMILY = "1,2";
			};
			name = Debug;
		};
		79BB1FDB272043640099015C /* Release */ = {
			isa = XCBuildConfiguration;
			buildSettings = {
				ASSETCATALOG_COMPILER_APPICON_NAME = AppIcon;
				ASSETCATALOG_COMPILER_GLOBAL_ACCENT_COLOR_NAME = AccentColor;
				CODE_SIGN_STYLE = Automatic;
				CURRENT_PROJECT_VERSION = 1;
				DEVELOPMENT_TEAM = R5H255ZF9U;
				GENERATE_INFOPLIST_FILE = YES;
				INFOPLIST_FILE = drawAI/Info.plist;
				INFOPLIST_KEY_UIApplicationSupportsIndirectInputEvents = YES;
				INFOPLIST_KEY_UILaunchStoryboardName = LaunchScreen;
				INFOPLIST_KEY_UISupportedInterfaceOrientations_iPad = "UIInterfaceOrientationPortrait UIInterfaceOrientationPortraitUpsideDown UIInterfaceOrientationLandscapeLeft UIInterfaceOrientationLandscapeRight";
				INFOPLIST_KEY_UISupportedInterfaceOrientations_iPhone = "UIInterfaceOrientationPortrait UIInterfaceOrientationLandscapeLeft UIInterfaceOrientationLandscapeRight";
				LD_RUNPATH_SEARCH_PATHS = (
					"$(inherited)",
					"@executable_path/Frameworks",
				);
				MARKETING_VERSION = 1.0;
				PRODUCT_BUNDLE_IDENTIFIER = com.animeiml.drawAI;
				PRODUCT_NAME = "$(TARGET_NAME)";
				SWIFT_EMIT_LOC_STRINGS = YES;
				SWIFT_VERSION = 5.0;
				TARGETED_DEVICE_FAMILY = "1,2";
			};
			name = Release;
		};
/* End XCBuildConfiguration section */

/* Begin XCConfigurationList section */
		79BB1FC0272043620099015C /* Build configuration list for PBXProject "drawAI" */ = {
			isa = XCConfigurationList;
			buildConfigurations = (
				79BB1FD7272043640099015C /* Debug */,
				79BB1FD8272043640099015C /* Release */,
			);
			defaultConfigurationIsVisible = 0;
			defaultConfigurationName = Release;
		};
		79BB1FD9272043640099015C /* Build configuration list for PBXNativeTarget "drawAI" */ = {
			isa = XCConfigurationList;
			buildConfigurations = (
				79BB1FDA272043640099015C /* Debug */,
				79BB1FDB272043640099015C /* Release */,
			);
			defaultConfigurationIsVisible = 0;
			defaultConfigurationName = Release;
		};
/* End XCConfigurationList section */
	};
	rootObject = 79BB1FBD272043620099015C /* Project object */;
}
