// !$*UTF8*$!
{
	archiveVersion = 1;
	classes = {
	};
	objectVersion = 55;
	objects = {

/* Begin PBXBuildFile section */
		351139542728489C00956CB6 /* AppSettings.swift in Sources */ = {isa = PBXBuildFile; fileRef = 351139532728489C00956CB6 /* AppSettings.swift */; };
		351139582728496100956CB6 /* StorageProviderProtocol.swift in Sources */ = {isa = PBXBuildFile; fileRef = 351139572728496100956CB6 /* StorageProviderProtocol.swift */; };
		3511395B27284A1700956CB6 /* DefaultsStorageProvider.swift in Sources */ = {isa = PBXBuildFile; fileRef = 3511395A27284A1700956CB6 /* DefaultsStorageProvider.swift */; };
		354DE29B272196EC007FDC94 /* UIView+Extensions.swift in Sources */ = {isa = PBXBuildFile; fileRef = 354DE29A272196EC007FDC94 /* UIView+Extensions.swift */; };
		354DE29E27219718007FDC94 /* ANView.swift in Sources */ = {isa = PBXBuildFile; fileRef = 354DE29D27219718007FDC94 /* ANView.swift */; };
		355EFA21272AD14A005E3735 /* EndViewModel.swift in Sources */ = {isa = PBXBuildFile; fileRef = 355EFA20272AD14A005E3735 /* EndViewModel.swift */; };
		35760F8327205746004FEC9B /* HomeViewController.swift in Sources */ = {isa = PBXBuildFile; fileRef = 35760F8127205746004FEC9B /* HomeViewController.swift */; };
		35760F8427205746004FEC9B /* HomeViewController.xib in Resources */ = {isa = PBXBuildFile; fileRef = 35760F8227205746004FEC9B /* HomeViewController.xib */; };
		793922E8272ADB2E009A2A94 /* Colors.swift in Sources */ = {isa = PBXBuildFile; fileRef = 793922E7272ADB2E009A2A94 /* Colors.swift */; };
		358BFFF4272997D500AFE0DD /* FileManagerStorageProvider.swift in Sources */ = {isa = PBXBuildFile; fileRef = 358BFFF3272997D500AFE0DD /* FileManagerStorageProvider.swift */; };
		35DC65512729AA2900A3FF22 /* FinishedViewController.xib in Resources */ = {isa = PBXBuildFile; fileRef = 35DC65432729AA2900A3FF22 /* FinishedViewController.xib */; };
		35DC65522729AA2900A3FF22 /* FinishedViewController.swift in Sources */ = {isa = PBXBuildFile; fileRef = 35DC65442729AA2900A3FF22 /* FinishedViewController.swift */; };
		35DC65532729AA2900A3FF22 /* DrawTimerBarView.swift in Sources */ = {isa = PBXBuildFile; fileRef = 35DC65472729AA2900A3FF22 /* DrawTimerBarView.swift */; };
		35DC65542729AA2900A3FF22 /* DrawTimerBarView.xib in Resources */ = {isa = PBXBuildFile; fileRef = 35DC65482729AA2900A3FF22 /* DrawTimerBarView.xib */; };
		35DC65552729AA2900A3FF22 /* CanvasView.swift in Sources */ = {isa = PBXBuildFile; fileRef = 35DC654A2729AA2900A3FF22 /* CanvasView.swift */; };
		35DC65562729AA2900A3FF22 /* CanvasView.xib in Resources */ = {isa = PBXBuildFile; fileRef = 35DC654B2729AA2900A3FF22 /* CanvasView.xib */; };
		35DC65572729AA2900A3FF22 /* DrawToolsView.swift in Sources */ = {isa = PBXBuildFile; fileRef = 35DC654D2729AA2900A3FF22 /* DrawToolsView.swift */; };
		35DC65582729AA2900A3FF22 /* DrawToolsView.xib in Resources */ = {isa = PBXBuildFile; fileRef = 35DC654E2729AA2900A3FF22 /* DrawToolsView.xib */; };
		35DC65592729AA2900A3FF22 /* DrawViewController.swift in Sources */ = {isa = PBXBuildFile; fileRef = 35DC654F2729AA2900A3FF22 /* DrawViewController.swift */; };
		35DC655A2729AA2900A3FF22 /* DrawViewController.xib in Resources */ = {isa = PBXBuildFile; fileRef = 35DC65502729AA2900A3FF22 /* DrawViewController.xib */; };
		35DC655C2729AB6A00A3FF22 /* DrawViewModel.swift in Sources */ = {isa = PBXBuildFile; fileRef = 35DC655B2729AB6A00A3FF22 /* DrawViewModel.swift */; };
		798AE179272836C7006CB063 /* Tuffy.ttf in Resources */ = {isa = PBXBuildFile; fileRef = 798AE177272836C7006CB063 /* Tuffy.ttf */; };
		798AE17A272836C7006CB063 /* Tuffy_Bold.ttf in Resources */ = {isa = PBXBuildFile; fileRef = 798AE178272836C7006CB063 /* Tuffy_Bold.ttf */; };
		79B71D872722F8C400E209CD /* EndViewController.swift in Sources */ = {isa = PBXBuildFile; fileRef = 79B71D852722F8C400E209CD /* EndViewController.swift */; };
		79B71D882722F8C400E209CD /* EndViewController.xib in Resources */ = {isa = PBXBuildFile; fileRef = 79B71D862722F8C400E209CD /* EndViewController.xib */; };
		79B71D8B2723107900E209CD /* ShadowsIntoLight-Regular.ttf in Resources */ = {isa = PBXBuildFile; fileRef = 79B71D8A2723104600E209CD /* ShadowsIntoLight-Regular.ttf */; };
		79BB1FC9272043620099015C /* AppDelegate.swift in Sources */ = {isa = PBXBuildFile; fileRef = 79BB1FC8272043620099015C /* AppDelegate.swift */; };
		79BB1FCB272043620099015C /* SceneDelegate.swift in Sources */ = {isa = PBXBuildFile; fileRef = 79BB1FCA272043620099015C /* SceneDelegate.swift */; };
		79BB1FCD272043620099015C /* ViewController.swift in Sources */ = {isa = PBXBuildFile; fileRef = 79BB1FCC272043620099015C /* ViewController.swift */; };
		79BB1FD2272043640099015C /* Assets.xcassets in Resources */ = {isa = PBXBuildFile; fileRef = 79BB1FD1272043640099015C /* Assets.xcassets */; };
		79BB1FD5272043640099015C /* LaunchScreen.storyboard in Resources */ = {isa = PBXBuildFile; fileRef = 79BB1FD3272043640099015C /* LaunchScreen.storyboard */; };
/* End PBXBuildFile section */

/* Begin PBXFileReference section */
		351139532728489C00956CB6 /* AppSettings.swift */ = {isa = PBXFileReference; lastKnownFileType = sourcecode.swift; path = AppSettings.swift; sourceTree = "<group>"; };
		351139572728496100956CB6 /* StorageProviderProtocol.swift */ = {isa = PBXFileReference; lastKnownFileType = sourcecode.swift; path = StorageProviderProtocol.swift; sourceTree = "<group>"; };
		3511395A27284A1700956CB6 /* DefaultsStorageProvider.swift */ = {isa = PBXFileReference; lastKnownFileType = sourcecode.swift; path = DefaultsStorageProvider.swift; sourceTree = "<group>"; };
		354DE29A272196EC007FDC94 /* UIView+Extensions.swift */ = {isa = PBXFileReference; lastKnownFileType = sourcecode.swift; path = "UIView+Extensions.swift"; sourceTree = "<group>"; };
		354DE29D27219718007FDC94 /* ANView.swift */ = {isa = PBXFileReference; lastKnownFileType = sourcecode.swift; path = ANView.swift; sourceTree = "<group>"; };
		355EFA20272AD14A005E3735 /* EndViewModel.swift */ = {isa = PBXFileReference; lastKnownFileType = sourcecode.swift; path = EndViewModel.swift; sourceTree = "<group>"; };
		35760F8127205746004FEC9B /* HomeViewController.swift */ = {isa = PBXFileReference; lastKnownFileType = sourcecode.swift; path = HomeViewController.swift; sourceTree = "<group>"; };
		35760F8227205746004FEC9B /* HomeViewController.xib */ = {isa = PBXFileReference; lastKnownFileType = file.xib; path = HomeViewController.xib; sourceTree = "<group>"; };
		793922E7272ADB2E009A2A94 /* Colors.swift */ = {isa = PBXFileReference; lastKnownFileType = sourcecode.swift; path = Colors.swift; sourceTree = "<group>"; };
		358BFFF3272997D500AFE0DD /* FileManagerStorageProvider.swift */ = {isa = PBXFileReference; lastKnownFileType = sourcecode.swift; path = FileManagerStorageProvider.swift; sourceTree = "<group>"; };
		35DC65432729AA2900A3FF22 /* FinishedViewController.xib */ = {isa = PBXFileReference; fileEncoding = 4; lastKnownFileType = file.xib; path = FinishedViewController.xib; sourceTree = "<group>"; };
		35DC65442729AA2900A3FF22 /* FinishedViewController.swift */ = {isa = PBXFileReference; fileEncoding = 4; lastKnownFileType = sourcecode.swift; path = FinishedViewController.swift; sourceTree = "<group>"; };
		35DC65472729AA2900A3FF22 /* DrawTimerBarView.swift */ = {isa = PBXFileReference; fileEncoding = 4; lastKnownFileType = sourcecode.swift; path = DrawTimerBarView.swift; sourceTree = "<group>"; };
		35DC65482729AA2900A3FF22 /* DrawTimerBarView.xib */ = {isa = PBXFileReference; fileEncoding = 4; lastKnownFileType = file.xib; path = DrawTimerBarView.xib; sourceTree = "<group>"; };
		35DC654A2729AA2900A3FF22 /* CanvasView.swift */ = {isa = PBXFileReference; fileEncoding = 4; lastKnownFileType = sourcecode.swift; path = CanvasView.swift; sourceTree = "<group>"; };
		35DC654B2729AA2900A3FF22 /* CanvasView.xib */ = {isa = PBXFileReference; fileEncoding = 4; lastKnownFileType = file.xib; path = CanvasView.xib; sourceTree = "<group>"; };
		35DC654D2729AA2900A3FF22 /* DrawToolsView.swift */ = {isa = PBXFileReference; fileEncoding = 4; lastKnownFileType = sourcecode.swift; path = DrawToolsView.swift; sourceTree = "<group>"; };
		35DC654E2729AA2900A3FF22 /* DrawToolsView.xib */ = {isa = PBXFileReference; fileEncoding = 4; lastKnownFileType = file.xib; path = DrawToolsView.xib; sourceTree = "<group>"; };
		35DC654F2729AA2900A3FF22 /* DrawViewController.swift */ = {isa = PBXFileReference; fileEncoding = 4; lastKnownFileType = sourcecode.swift; path = DrawViewController.swift; sourceTree = "<group>"; };
		35DC65502729AA2900A3FF22 /* DrawViewController.xib */ = {isa = PBXFileReference; fileEncoding = 4; lastKnownFileType = file.xib; path = DrawViewController.xib; sourceTree = "<group>"; };
		35DC655B2729AB6A00A3FF22 /* DrawViewModel.swift */ = {isa = PBXFileReference; lastKnownFileType = sourcecode.swift; path = DrawViewModel.swift; sourceTree = "<group>"; };
		798AE177272836C7006CB063 /* Tuffy.ttf */ = {isa = PBXFileReference; lastKnownFileType = file; path = Tuffy.ttf; sourceTree = "<group>"; };
		798AE178272836C7006CB063 /* Tuffy_Bold.ttf */ = {isa = PBXFileReference; lastKnownFileType = file; path = Tuffy_Bold.ttf; sourceTree = "<group>"; };
		79B71D852722F8C400E209CD /* EndViewController.swift */ = {isa = PBXFileReference; lastKnownFileType = sourcecode.swift; path = EndViewController.swift; sourceTree = "<group>"; };
		79B71D862722F8C400E209CD /* EndViewController.xib */ = {isa = PBXFileReference; lastKnownFileType = file.xib; path = EndViewController.xib; sourceTree = "<group>"; };
		79B71D8A2723104600E209CD /* ShadowsIntoLight-Regular.ttf */ = {isa = PBXFileReference; lastKnownFileType = file; path = "ShadowsIntoLight-Regular.ttf"; sourceTree = "<group>"; };
		79BB1FC5272043620099015C /* drawAI.app */ = {isa = PBXFileReference; explicitFileType = wrapper.application; includeInIndex = 0; path = drawAI.app; sourceTree = BUILT_PRODUCTS_DIR; };
		79BB1FC8272043620099015C /* AppDelegate.swift */ = {isa = PBXFileReference; lastKnownFileType = sourcecode.swift; path = AppDelegate.swift; sourceTree = "<group>"; };
		79BB1FCA272043620099015C /* SceneDelegate.swift */ = {isa = PBXFileReference; lastKnownFileType = sourcecode.swift; path = SceneDelegate.swift; sourceTree = "<group>"; };
		79BB1FCC272043620099015C /* ViewController.swift */ = {isa = PBXFileReference; lastKnownFileType = sourcecode.swift; path = ViewController.swift; sourceTree = "<group>"; };
		79BB1FD1272043640099015C /* Assets.xcassets */ = {isa = PBXFileReference; lastKnownFileType = folder.assetcatalog; path = Assets.xcassets; sourceTree = "<group>"; };
		79BB1FD4272043640099015C /* Base */ = {isa = PBXFileReference; lastKnownFileType = file.storyboard; name = Base; path = Base.lproj/LaunchScreen.storyboard; sourceTree = "<group>"; };
		79BB1FD6272043640099015C /* Info.plist */ = {isa = PBXFileReference; lastKnownFileType = text.plist.xml; path = Info.plist; sourceTree = "<group>"; };
/* End PBXFileReference section */

/* Begin PBXFrameworksBuildPhase section */
		79BB1FC2272043620099015C /* Frameworks */ = {
			isa = PBXFrameworksBuildPhase;
			buildActionMask = 2147483647;
			files = (
			);
			runOnlyForDeploymentPostprocessing = 0;
		};
/* End PBXFrameworksBuildPhase section */

/* Begin PBXGroup section */
		351139552728493200956CB6 /* Providers */ = {
			isa = PBXGroup;
			children = (
				351139562728494F00956CB6 /* LocalStorage */,
			);
			path = Providers;
			sourceTree = "<group>";
		};
		351139562728494F00956CB6 /* LocalStorage */ = {
			isa = PBXGroup;
			children = (
				35113959272849D600956CB6 /* Implementations */,
				351139572728496100956CB6 /* StorageProviderProtocol.swift */,
			);
			path = LocalStorage;
			sourceTree = "<group>";
		};
		35113959272849D600956CB6 /* Implementations */ = {
			isa = PBXGroup;
			children = (
				3511395A27284A1700956CB6 /* DefaultsStorageProvider.swift */,
				358BFFF3272997D500AFE0DD /* FileManagerStorageProvider.swift */,
			);
			path = Implementations;
			sourceTree = "<group>";
		};
		354DE299272196CF007FDC94 /* Extensions */ = {
			isa = PBXGroup;
			children = (
				354DE29A272196EC007FDC94 /* UIView+Extensions.swift */,
			);
			path = Extensions;
			sourceTree = "<group>";
		};
		354DE29C2721970A007FDC94 /* Core */ = {
			isa = PBXGroup;
			children = (
				79B71D8927230D7900E209CD /* Fonts */,
				354DE29D27219718007FDC94 /* ANView.swift */,
				793922E7272ADB2E009A2A94 /* Colors.swift */,
				351139532728489C00956CB6 /* AppSettings.swift */,
			);
			path = Core;
			sourceTree = "<group>";
		};
		35760F7F27205720004FEC9B /* Scenes */ = {
			isa = PBXGroup;
			children = (
				35DC65422729AA2900A3FF22 /* Draw */,
				79B71D842722F85400E209CD /* EndScene */,
				35760F8027205728004FEC9B /* HomeViewController */,
			);
			path = Scenes;
			sourceTree = "<group>";
		};
		35760F8027205728004FEC9B /* HomeViewController */ = {
			isa = PBXGroup;
			children = (
				35760F8127205746004FEC9B /* HomeViewController.swift */,
				35760F8227205746004FEC9B /* HomeViewController.xib */,
			);
			path = HomeViewController;
			sourceTree = "<group>";
		};
		35DC65422729AA2900A3FF22 /* Draw */ = {
			isa = PBXGroup;
			children = (
				35DC65432729AA2900A3FF22 /* FinishedViewController.xib */,
				35DC65442729AA2900A3FF22 /* FinishedViewController.swift */,
				35DC65452729AA2900A3FF22 /* Components */,
				35DC654F2729AA2900A3FF22 /* DrawViewController.swift */,
				35DC65502729AA2900A3FF22 /* DrawViewController.xib */,
				35DC655B2729AB6A00A3FF22 /* DrawViewModel.swift */,
			);
			path = Draw;
			sourceTree = "<group>";
		};
		35DC65452729AA2900A3FF22 /* Components */ = {
			isa = PBXGroup;
			children = (
				35DC65462729AA2900A3FF22 /* DrawTimerBar */,
				35DC65492729AA2900A3FF22 /* DrawCanvas */,
				35DC654C2729AA2900A3FF22 /* DrawTools */,
			);
			path = Components;
			sourceTree = "<group>";
		};
		35DC65462729AA2900A3FF22 /* DrawTimerBar */ = {
			isa = PBXGroup;
			children = (
				35DC65472729AA2900A3FF22 /* DrawTimerBarView.swift */,
				35DC65482729AA2900A3FF22 /* DrawTimerBarView.xib */,
			);
			path = DrawTimerBar;
			sourceTree = "<group>";
		};
		35DC65492729AA2900A3FF22 /* DrawCanvas */ = {
			isa = PBXGroup;
			children = (
				35DC654A2729AA2900A3FF22 /* CanvasView.swift */,
				35DC654B2729AA2900A3FF22 /* CanvasView.xib */,
			);
			path = DrawCanvas;
			sourceTree = "<group>";
		};
		35DC654C2729AA2900A3FF22 /* DrawTools */ = {
			isa = PBXGroup;
			children = (
				35DC654D2729AA2900A3FF22 /* DrawToolsView.swift */,
				35DC654E2729AA2900A3FF22 /* DrawToolsView.xib */,
			);
			path = DrawTools;
			sourceTree = "<group>";
		};
		79B71D842722F85400E209CD /* EndScene */ = {
			isa = PBXGroup;
			children = (
				79B71D852722F8C400E209CD /* EndViewController.swift */,
				79B71D862722F8C400E209CD /* EndViewController.xib */,
				355EFA20272AD14A005E3735 /* EndViewModel.swift */,
			);
			path = EndScene;
			sourceTree = "<group>";
		};
		79B71D8927230D7900E209CD /* Fonts */ = {
			isa = PBXGroup;
			children = (
				798AE178272836C7006CB063 /* Tuffy_Bold.ttf */,
				798AE177272836C7006CB063 /* Tuffy.ttf */,
				79B71D8A2723104600E209CD /* ShadowsIntoLight-Regular.ttf */,
			);
			path = Fonts;
			sourceTree = "<group>";
		};
		79BB1FBC272043620099015C = {
			isa = PBXGroup;
			children = (
				79BB1FC7272043620099015C /* drawAI */,
				79BB1FC6272043620099015C /* Products */,
			);
			sourceTree = "<group>";
		};
		79BB1FC6272043620099015C /* Products */ = {
			isa = PBXGroup;
			children = (
				79BB1FC5272043620099015C /* drawAI.app */,
			);
			name = Products;
			sourceTree = "<group>";
		};
		79BB1FC7272043620099015C /* drawAI */ = {
			isa = PBXGroup;
			children = (
				351139552728493200956CB6 /* Providers */,
				354DE29C2721970A007FDC94 /* Core */,
				354DE299272196CF007FDC94 /* Extensions */,
				35760F7F27205720004FEC9B /* Scenes */,
				79BB1FC8272043620099015C /* AppDelegate.swift */,
				79BB1FCA272043620099015C /* SceneDelegate.swift */,
				79BB1FCC272043620099015C /* ViewController.swift */,
				79BB1FD1272043640099015C /* Assets.xcassets */,
				79BB1FD3272043640099015C /* LaunchScreen.storyboard */,
				79BB1FD6272043640099015C /* Info.plist */,
			);
			path = drawAI;
			sourceTree = "<group>";
		};
/* End PBXGroup section */

/* Begin PBXNativeTarget section */
		79BB1FC4272043620099015C /* drawAI */ = {
			isa = PBXNativeTarget;
			buildConfigurationList = 79BB1FD9272043640099015C /* Build configuration list for PBXNativeTarget "drawAI" */;
			buildPhases = (
				79BB1FC1272043620099015C /* Sources */,
				79BB1FC2272043620099015C /* Frameworks */,
				79BB1FC3272043620099015C /* Resources */,
			);
			buildRules = (
			);
			dependencies = (
			);
			name = drawAI;
			productName = drawAI;
			productReference = 79BB1FC5272043620099015C /* drawAI.app */;
			productType = "com.apple.product-type.application";
		};
/* End PBXNativeTarget section */

/* Begin PBXProject section */
		79BB1FBD272043620099015C /* Project object */ = {
			isa = PBXProject;
			attributes = {
				BuildIndependentTargetsInParallel = 1;
				LastSwiftUpdateCheck = 1300;
				LastUpgradeCheck = 1300;
				TargetAttributes = {
					79BB1FC4272043620099015C = {
						CreatedOnToolsVersion = 13.0;
					};
				};
			};
			buildConfigurationList = 79BB1FC0272043620099015C /* Build configuration list for PBXProject "drawAI" */;
			compatibilityVersion = "Xcode 13.0";
			developmentRegion = en;
			hasScannedForEncodings = 0;
			knownRegions = (
				en,
				Base,
			);
			mainGroup = 79BB1FBC272043620099015C;
			productRefGroup = 79BB1FC6272043620099015C /* Products */;
			projectDirPath = "";
			projectRoot = "";
			targets = (
				79BB1FC4272043620099015C /* drawAI */,
			);
		};
/* End PBXProject section */

/* Begin PBXResourcesBuildPhase section */
		79BB1FC3272043620099015C /* Resources */ = {
			isa = PBXResourcesBuildPhase;
			buildActionMask = 2147483647;
			files = (
				35DC655A2729AA2900A3FF22 /* DrawViewController.xib in Resources */,
				35DC65582729AA2900A3FF22 /* DrawToolsView.xib in Resources */,
				79B71D882722F8C400E209CD /* EndViewController.xib in Resources */,
				79BB1FD5272043640099015C /* LaunchScreen.storyboard in Resources */,
				798AE17A272836C7006CB063 /* Tuffy_Bold.ttf in Resources */,
				79BB1FD2272043640099015C /* Assets.xcassets in Resources */,
				35DC65562729AA2900A3FF22 /* CanvasView.xib in Resources */,
				35DC65542729AA2900A3FF22 /* DrawTimerBarView.xib in Resources */,
				35DC65512729AA2900A3FF22 /* FinishedViewController.xib in Resources */,
				35760F8427205746004FEC9B /* HomeViewController.xib in Resources */,
				798AE179272836C7006CB063 /* Tuffy.ttf in Resources */,
				79B71D8B2723107900E209CD /* ShadowsIntoLight-Regular.ttf in Resources */,
			);
			runOnlyForDeploymentPostprocessing = 0;
		};
/* End PBXResourcesBuildPhase section */

/* Begin PBXSourcesBuildPhase section */
		79BB1FC1272043620099015C /* Sources */ = {
			isa = PBXSourcesBuildPhase;
			buildActionMask = 2147483647;
			files = (
				35DC655C2729AB6A00A3FF22 /* DrawViewModel.swift in Sources */,
				35DC65592729AA2900A3FF22 /* DrawViewController.swift in Sources */,
				35DC65522729AA2900A3FF22 /* FinishedViewController.swift in Sources */,
				79B71D872722F8C400E209CD /* EndViewController.swift in Sources */,
				79BB1FCD272043620099015C /* ViewController.swift in Sources */,
				358BFFF4272997D500AFE0DD /* FileManagerStorageProvider.swift in Sources */,
				351139542728489C00956CB6 /* AppSettings.swift in Sources */,
				351139582728496100956CB6 /* StorageProviderProtocol.swift in Sources */,
				355EFA21272AD14A005E3735 /* EndViewModel.swift in Sources */,
				354DE29E27219718007FDC94 /* ANView.swift in Sources */,
				793922E8272ADB2E009A2A94 /* Colors.swift in Sources */,
				3511395B27284A1700956CB6 /* DefaultsStorageProvider.swift in Sources */,
				35DC65552729AA2900A3FF22 /* CanvasView.swift in Sources */,
				79BB1FC9272043620099015C /* AppDelegate.swift in Sources */,
				354DE29B272196EC007FDC94 /* UIView+Extensions.swift in Sources */,
				79BB1FCB272043620099015C /* SceneDelegate.swift in Sources */,
				35DC65532729AA2900A3FF22 /* DrawTimerBarView.swift in Sources */,
				35760F8327205746004FEC9B /* HomeViewController.swift in Sources */,
				35DC65572729AA2900A3FF22 /* DrawToolsView.swift in Sources */,
			);
			runOnlyForDeploymentPostprocessing = 0;
		};
/* End PBXSourcesBuildPhase section */

/* Begin PBXVariantGroup section */
		79BB1FD3272043640099015C /* LaunchScreen.storyboard */ = {
			isa = PBXVariantGroup;
			children = (
				79BB1FD4272043640099015C /* Base */,
			);
			name = LaunchScreen.storyboard;
			sourceTree = "<group>";
		};
/* End PBXVariantGroup section */

/* Begin XCBuildConfiguration section */
		79BB1FD7272043640099015C /* Debug */ = {
			isa = XCBuildConfiguration;
			buildSettings = {
				ALWAYS_SEARCH_USER_PATHS = NO;
				CLANG_ANALYZER_NONNULL = YES;
				CLANG_ANALYZER_NUMBER_OBJECT_CONVERSION = YES_AGGRESSIVE;
				CLANG_CXX_LANGUAGE_STANDARD = "gnu++17";
				CLANG_CXX_LIBRARY = "libc++";
				CLANG_ENABLE_MODULES = YES;
				CLANG_ENABLE_OBJC_ARC = YES;
				CLANG_ENABLE_OBJC_WEAK = YES;
				CLANG_WARN_BLOCK_CAPTURE_AUTORELEASING = YES;
				CLANG_WARN_BOOL_CONVERSION = YES;
				CLANG_WARN_COMMA = YES;
				CLANG_WARN_CONSTANT_CONVERSION = YES;
				CLANG_WARN_DEPRECATED_OBJC_IMPLEMENTATIONS = YES;
				CLANG_WARN_DIRECT_OBJC_ISA_USAGE = YES_ERROR;
				CLANG_WARN_DOCUMENTATION_COMMENTS = YES;
				CLANG_WARN_EMPTY_BODY = YES;
				CLANG_WARN_ENUM_CONVERSION = YES;
				CLANG_WARN_INFINITE_RECURSION = YES;
				CLANG_WARN_INT_CONVERSION = YES;
				CLANG_WARN_NON_LITERAL_NULL_CONVERSION = YES;
				CLANG_WARN_OBJC_IMPLICIT_RETAIN_SELF = YES;
				CLANG_WARN_OBJC_LITERAL_CONVERSION = YES;
				CLANG_WARN_OBJC_ROOT_CLASS = YES_ERROR;
				CLANG_WARN_QUOTED_INCLUDE_IN_FRAMEWORK_HEADER = YES;
				CLANG_WARN_RANGE_LOOP_ANALYSIS = YES;
				CLANG_WARN_STRICT_PROTOTYPES = YES;
				CLANG_WARN_SUSPICIOUS_MOVE = YES;
				CLANG_WARN_UNGUARDED_AVAILABILITY = YES_AGGRESSIVE;
				CLANG_WARN_UNREACHABLE_CODE = YES;
				CLANG_WARN__DUPLICATE_METHOD_MATCH = YES;
				COPY_PHASE_STRIP = NO;
				DEBUG_INFORMATION_FORMAT = dwarf;
				ENABLE_STRICT_OBJC_MSGSEND = YES;
				ENABLE_TESTABILITY = YES;
				GCC_C_LANGUAGE_STANDARD = gnu11;
				GCC_DYNAMIC_NO_PIC = NO;
				GCC_NO_COMMON_BLOCKS = YES;
				GCC_OPTIMIZATION_LEVEL = 0;
				GCC_PREPROCESSOR_DEFINITIONS = (
					"DEBUG=1",
					"$(inherited)",
				);
				GCC_WARN_64_TO_32_BIT_CONVERSION = YES;
				GCC_WARN_ABOUT_RETURN_TYPE = YES_ERROR;
				GCC_WARN_UNDECLARED_SELECTOR = YES;
				GCC_WARN_UNINITIALIZED_AUTOS = YES_AGGRESSIVE;
				GCC_WARN_UNUSED_FUNCTION = YES;
				GCC_WARN_UNUSED_VARIABLE = YES;
				IPHONEOS_DEPLOYMENT_TARGET = 15.0;
				MTL_ENABLE_DEBUG_INFO = INCLUDE_SOURCE;
				MTL_FAST_MATH = YES;
				ONLY_ACTIVE_ARCH = YES;
				SDKROOT = iphoneos;
				SWIFT_ACTIVE_COMPILATION_CONDITIONS = DEBUG;
				SWIFT_OPTIMIZATION_LEVEL = "-Onone";
			};
			name = Debug;
		};
		79BB1FD8272043640099015C /* Release */ = {
			isa = XCBuildConfiguration;
			buildSettings = {
				ALWAYS_SEARCH_USER_PATHS = NO;
				CLANG_ANALYZER_NONNULL = YES;
				CLANG_ANALYZER_NUMBER_OBJECT_CONVERSION = YES_AGGRESSIVE;
				CLANG_CXX_LANGUAGE_STANDARD = "gnu++17";
				CLANG_CXX_LIBRARY = "libc++";
				CLANG_ENABLE_MODULES = YES;
				CLANG_ENABLE_OBJC_ARC = YES;
				CLANG_ENABLE_OBJC_WEAK = YES;
				CLANG_WARN_BLOCK_CAPTURE_AUTORELEASING = YES;
				CLANG_WARN_BOOL_CONVERSION = YES;
				CLANG_WARN_COMMA = YES;
				CLANG_WARN_CONSTANT_CONVERSION = YES;
				CLANG_WARN_DEPRECATED_OBJC_IMPLEMENTATIONS = YES;
				CLANG_WARN_DIRECT_OBJC_ISA_USAGE = YES_ERROR;
				CLANG_WARN_DOCUMENTATION_COMMENTS = YES;
				CLANG_WARN_EMPTY_BODY = YES;
				CLANG_WARN_ENUM_CONVERSION = YES;
				CLANG_WARN_INFINITE_RECURSION = YES;
				CLANG_WARN_INT_CONVERSION = YES;
				CLANG_WARN_NON_LITERAL_NULL_CONVERSION = YES;
				CLANG_WARN_OBJC_IMPLICIT_RETAIN_SELF = YES;
				CLANG_WARN_OBJC_LITERAL_CONVERSION = YES;
				CLANG_WARN_OBJC_ROOT_CLASS = YES_ERROR;
				CLANG_WARN_QUOTED_INCLUDE_IN_FRAMEWORK_HEADER = YES;
				CLANG_WARN_RANGE_LOOP_ANALYSIS = YES;
				CLANG_WARN_STRICT_PROTOTYPES = YES;
				CLANG_WARN_SUSPICIOUS_MOVE = YES;
				CLANG_WARN_UNGUARDED_AVAILABILITY = YES_AGGRESSIVE;
				CLANG_WARN_UNREACHABLE_CODE = YES;
				CLANG_WARN__DUPLICATE_METHOD_MATCH = YES;
				COPY_PHASE_STRIP = NO;
				DEBUG_INFORMATION_FORMAT = "dwarf-with-dsym";
				ENABLE_NS_ASSERTIONS = NO;
				ENABLE_STRICT_OBJC_MSGSEND = YES;
				GCC_C_LANGUAGE_STANDARD = gnu11;
				GCC_NO_COMMON_BLOCKS = YES;
				GCC_WARN_64_TO_32_BIT_CONVERSION = YES;
				GCC_WARN_ABOUT_RETURN_TYPE = YES_ERROR;
				GCC_WARN_UNDECLARED_SELECTOR = YES;
				GCC_WARN_UNINITIALIZED_AUTOS = YES_AGGRESSIVE;
				GCC_WARN_UNUSED_FUNCTION = YES;
				GCC_WARN_UNUSED_VARIABLE = YES;
				IPHONEOS_DEPLOYMENT_TARGET = 15.0;
				MTL_ENABLE_DEBUG_INFO = NO;
				MTL_FAST_MATH = YES;
				SDKROOT = iphoneos;
				SWIFT_COMPILATION_MODE = wholemodule;
				SWIFT_OPTIMIZATION_LEVEL = "-O";
				VALIDATE_PRODUCT = YES;
			};
			name = Release;
		};
		79BB1FDA272043640099015C /* Debug */ = {
			isa = XCBuildConfiguration;
			buildSettings = {
				ASSETCATALOG_COMPILER_APPICON_NAME = AppIcon;
				ASSETCATALOG_COMPILER_GLOBAL_ACCENT_COLOR_NAME = AccentColor;
				CODE_SIGN_STYLE = Automatic;
				CURRENT_PROJECT_VERSION = 1;
				DEVELOPMENT_TEAM = R5H255ZF9U;
				GENERATE_INFOPLIST_FILE = YES;
				INFOPLIST_FILE = drawAI/Info.plist;
				INFOPLIST_KEY_UIApplicationSupportsIndirectInputEvents = YES;
				INFOPLIST_KEY_UILaunchStoryboardName = LaunchScreen;
				INFOPLIST_KEY_UISupportedInterfaceOrientations_iPad = "UIInterfaceOrientationPortrait UIInterfaceOrientationPortraitUpsideDown UIInterfaceOrientationLandscapeLeft UIInterfaceOrientationLandscapeRight";
				INFOPLIST_KEY_UISupportedInterfaceOrientations_iPhone = "UIInterfaceOrientationPortrait UIInterfaceOrientationLandscapeLeft UIInterfaceOrientationLandscapeRight";
				LD_RUNPATH_SEARCH_PATHS = (
					"$(inherited)",
					"@executable_path/Frameworks",
				);
				MARKETING_VERSION = 1.0;
				PRODUCT_BUNDLE_IDENTIFIER = com.animeiml.drawAI;
				PRODUCT_NAME = "$(TARGET_NAME)";
				SWIFT_EMIT_LOC_STRINGS = YES;
				SWIFT_VERSION = 5.0;
				TARGETED_DEVICE_FAMILY = "1,2";
			};
			name = Debug;
		};
		79BB1FDB272043640099015C /* Release */ = {
			isa = XCBuildConfiguration;
			buildSettings = {
				ASSETCATALOG_COMPILER_APPICON_NAME = AppIcon;
				ASSETCATALOG_COMPILER_GLOBAL_ACCENT_COLOR_NAME = AccentColor;
				CODE_SIGN_STYLE = Automatic;
				CURRENT_PROJECT_VERSION = 1;
				DEVELOPMENT_TEAM = R5H255ZF9U;
				GENERATE_INFOPLIST_FILE = YES;
				INFOPLIST_FILE = drawAI/Info.plist;
				INFOPLIST_KEY_UIApplicationSupportsIndirectInputEvents = YES;
				INFOPLIST_KEY_UILaunchStoryboardName = LaunchScreen;
				INFOPLIST_KEY_UISupportedInterfaceOrientations_iPad = "UIInterfaceOrientationPortrait UIInterfaceOrientationPortraitUpsideDown UIInterfaceOrientationLandscapeLeft UIInterfaceOrientationLandscapeRight";
				INFOPLIST_KEY_UISupportedInterfaceOrientations_iPhone = "UIInterfaceOrientationPortrait UIInterfaceOrientationLandscapeLeft UIInterfaceOrientationLandscapeRight";
				LD_RUNPATH_SEARCH_PATHS = (
					"$(inherited)",
					"@executable_path/Frameworks",
				);
				MARKETING_VERSION = 1.0;
				PRODUCT_BUNDLE_IDENTIFIER = com.animeiml.drawAI;
				PRODUCT_NAME = "$(TARGET_NAME)";
				SWIFT_EMIT_LOC_STRINGS = YES;
				SWIFT_VERSION = 5.0;
				TARGETED_DEVICE_FAMILY = "1,2";
			};
			name = Release;
		};
/* End XCBuildConfiguration section */

/* Begin XCConfigurationList section */
		79BB1FC0272043620099015C /* Build configuration list for PBXProject "drawAI" */ = {
			isa = XCConfigurationList;
			buildConfigurations = (
				79BB1FD7272043640099015C /* Debug */,
				79BB1FD8272043640099015C /* Release */,
			);
			defaultConfigurationIsVisible = 0;
			defaultConfigurationName = Release;
		};
		79BB1FD9272043640099015C /* Build configuration list for PBXNativeTarget "drawAI" */ = {
			isa = XCConfigurationList;
			buildConfigurations = (
				79BB1FDA272043640099015C /* Debug */,
				79BB1FDB272043640099015C /* Release */,
			);
			defaultConfigurationIsVisible = 0;
			defaultConfigurationName = Release;
		};
/* End XCConfigurationList section */
	};
	rootObject = 79BB1FBD272043620099015C /* Project object */;
}
